
Microsoft Visual Studio Solution File, Format Version 12.00
# Visual Studio Version 17
VisualStudioVersion = 17.0.32126.317
MinimumVisualStudioVersion = 10.0.40219.1
Project("{9A19103F-16F7-4668-BE54-9A1E7A4F7556}") = "BookListRazorPagesCRUD", "BookListRazorPagesCRUD\BookListRazorPagesCRUD.csproj", "{5B3AA17F-0AC7-4D24-87AE-C7BBCE9DACAD}"
EndProject
Project("{9A19103F-16F7-4668-BE54-9A1E7A4F7556}") = "BulkyBook.MVC", "BulkyBookMVC\BulkyBook.MVC.csproj", "{3B670850-F144-4985-B2DE-E23E61A81547}"
EndProject
Project("{9A19103F-16F7-4668-BE54-9A1E7A4F7556}") = "BulkyBook.DataAccess", "BulkyBook.DataAccess\BulkyBook.DataAccess.csproj", "{90DB6E00-4B84-4B6A-B58A-FCA74D71A20F}"
EndProject
Project("{9A19103F-16F7-4668-BE54-9A1E7A4F7556}") = "BulkyBook.Models", "BulkyBook.Models\BulkyBook.Models.csproj", "{F14969A2-8AE1-475F-AA62-DA8E77B55CFC}"
EndProject
Project("{9A19103F-16F7-4668-BE54-9A1E7A4F7556}") = "BulkyBook.Utility", "BulkyBook.Utility\BulkyBook.Utility.csproj", "{8E7064AC-363E-45B1-BFBD-B1F0651F8B36}"
EndProject
Project("{2150E333-8FDC-42A3-9474-1A3956D46DE8}") = "RazorPages", "RazorPages", "{70C7F59D-B472-4F7B-859B-EFB047255E05}"
EndProject
Project("{2150E333-8FDC-42A3-9474-1A3956D46DE8}") = "MVC", "MVC", "{39106081-5F71-42F7-B9CB-9E94AD6109AF}"
EndProject
Project("{2150E333-8FDC-42A3-9474-1A3956D46DE8}") = "NTier", "NTier", "{76A6E3E8-99A9-4AB4-8EF3-CD75FB325C8A}"
EndProject
Project("{2150E333-8FDC-42A3-9474-1A3956D46DE8}") = "CRUD", "CRUD", "{E76B9EC3-60ED-4C76-9721-897A075A4D69}"
EndProject
Project("{2150E333-8FDC-42A3-9474-1A3956D46DE8}") = "CRUD", "CRUD", "{A45C76F1-05B6-432E-8E95-03776201BBCB}"
EndProject
Project("{FAE04EC0-301F-11D3-BF4B-00C04F79EFBC}") = "BookListMVCCRUD", "BookListMVCCRUD\BookListMVCCRUD.csproj", "{31F82B6D-5465-4DCB-A4BC-6F1A74B59224}"
EndProject
Global
	GlobalSection(SolutionConfigurationPlatforms) = preSolution
		Debug|Any CPU = Debug|Any CPU
		Release|Any CPU = Release|Any CPU
	EndGlobalSection
	GlobalSection(ProjectConfigurationPlatforms) = postSolution
		{5B3AA17F-0AC7-4D24-87AE-C7BBCE9DACAD}.Debug|Any CPU.ActiveCfg = Debug|Any CPU
		{5B3AA17F-0AC7-4D24-87AE-C7BBCE9DACAD}.Debug|Any CPU.Build.0 = Debug|Any CPU
		{5B3AA17F-0AC7-4D24-87AE-C7BBCE9DACAD}.Release|Any CPU.ActiveCfg = Release|Any CPU
		{5B3AA17F-0AC7-4D24-87AE-C7BBCE9DACAD}.Release|Any CPU.Build.0 = Release|Any CPU
		{3B670850-F144-4985-B2DE-E23E61A81547}.Debug|Any CPU.ActiveCfg = Debug|Any CPU
		{3B670850-F144-4985-B2DE-E23E61A81547}.Debug|Any CPU.Build.0 = Debug|Any CPU
		{3B670850-F144-4985-B2DE-E23E61A81547}.Release|Any CPU.ActiveCfg = Release|Any CPU
		{3B670850-F144-4985-B2DE-E23E61A81547}.Release|Any CPU.Build.0 = Release|Any CPU
		{90DB6E00-4B84-4B6A-B58A-FCA74D71A20F}.Debug|Any CPU.ActiveCfg = Debug|Any CPU
		{90DB6E00-4B84-4B6A-B58A-FCA74D71A20F}.Debug|Any CPU.Build.0 = Debug|Any CPU
		{90DB6E00-4B84-4B6A-B58A-FCA74D71A20F}.Release|Any CPU.ActiveCfg = Release|Any CPU
		{90DB6E00-4B84-4B6A-B58A-FCA74D71A20F}.Release|Any CPU.Build.0 = Release|Any CPU
		{F14969A2-8AE1-475F-AA62-DA8E77B55CFC}.Debug|Any CPU.ActiveCfg = Debug|Any CPU
		{F14969A2-8AE1-475F-AA62-DA8E77B55CFC}.Debug|Any CPU.Build.0 = Debug|Any CPU
		{F14969A2-8AE1-475F-AA62-DA8E77B55CFC}.Release|Any CPU.ActiveCfg = Release|Any CPU
		{F14969A2-8AE1-475F-AA62-DA8E77B55CFC}.Release|Any CPU.Build.0 = Release|Any CPU
		{8E7064AC-363E-45B1-BFBD-B1F0651F8B36}.Debug|Any CPU.ActiveCfg = Debug|Any CPU
		{8E7064AC-363E-45B1-BFBD-B1F0651F8B36}.Debug|Any CPU.Build.0 = Debug|Any CPU
		{8E7064AC-363E-45B1-BFBD-B1F0651F8B36}.Release|Any CPU.ActiveCfg = Release|Any CPU
		{8E7064AC-363E-45B1-BFBD-B1F0651F8B36}.Release|Any CPU.Build.0 = Release|Any CPU
		{31F82B6D-5465-4DCB-A4BC-6F1A74B59224}.Debug|Any CPU.ActiveCfg = Debug|Any CPU
		{31F82B6D-5465-4DCB-A4BC-6F1A74B59224}.Debug|Any CPU.Build.0 = Debug|Any CPU
		{31F82B6D-5465-4DCB-A4BC-6F1A74B59224}.Release|Any CPU.ActiveCfg = Release|Any CPU
		{31F82B6D-5465-4DCB-A4BC-6F1A74B59224}.Release|Any CPU.Build.0 = Release|Any CPU
	EndGlobalSection
	GlobalSection(SolutionProperties) = preSolution
		HideSolutionNode = FALSE
	EndGlobalSection
	GlobalSection(NestedProjects) = preSolution
		{5B3AA17F-0AC7-4D24-87AE-C7BBCE9DACAD} = {E76B9EC3-60ED-4C76-9721-897A075A4D69}
		{3B670850-F144-4985-B2DE-E23E61A81547} = {76A6E3E8-99A9-4AB4-8EF3-CD75FB325C8A}
		{90DB6E00-4B84-4B6A-B58A-FCA74D71A20F} = {76A6E3E8-99A9-4AB4-8EF3-CD75FB325C8A}
		{F14969A2-8AE1-475F-AA62-DA8E77B55CFC} = {76A6E3E8-99A9-4AB4-8EF3-CD75FB325C8A}
		{8E7064AC-363E-45B1-BFBD-B1F0651F8B36} = {76A6E3E8-99A9-4AB4-8EF3-CD75FB325C8A}
		{76A6E3E8-99A9-4AB4-8EF3-CD75FB325C8A} = {39106081-5F71-42F7-B9CB-9E94AD6109AF}
		{E76B9EC3-60ED-4C76-9721-897A075A4D69} = {70C7F59D-B472-4F7B-859B-EFB047255E05}
		{A45C76F1-05B6-432E-8E95-03776201BBCB} = {39106081-5F71-42F7-B9CB-9E94AD6109AF}
		{31F82B6D-5465-4DCB-A4BC-6F1A74B59224} = {A45C76F1-05B6-432E-8E95-03776201BBCB}
	EndGlobalSection
	GlobalSection(ExtensibilityGlobals) = postSolution
		SolutionGuid = {D54B8359-64CB-4924-A1BE-4CB379516D88}
	EndGlobalSection
EndGlobal
